
Microsoft Visual Studio Solution File, Format Version 12.00
# Visual Studio Version 16
VisualStudioVersion = 16.0.30804.86
MinimumVisualStudioVersion = 10.0.40219.1
Project("{FAE04EC0-301F-11D3-BF4B-00C04F79EFBC}") = "NoNameGame", "NoNameGame\NoNameGame.csproj", "{9EBDAEDB-0D1B-444A-A211-593277C7622C}"
EndProject
Global
	GlobalSection(SolutionConfigurationPlatforms) = preSolution
		Debug|Any CPU = Debug|Any CPU
		Release|Any CPU = Release|Any CPU
	EndGlobalSection
	GlobalSection(ProjectConfigurationPlatforms) = postSolution
		{9EBDAEDB-0D1B-444A-A211-593277C7622C}.Debug|Any CPU.ActiveCfg = Debug|Any CPU
		{9EBDAEDB-0D1B-444A-A211-593277C7622C}.Debug|Any CPU.Build.0 = Debug|Any CPU
		{9EBDAEDB-0D1B-444A-A211-593277C7622C}.Release|Any CPU.ActiveCfg = Release|Any CPU
		{9EBDAEDB-0D1B-444A-A211-593277C7622C}.Release|Any CPU.Build.0 = Release|Any CPU
	EndGlobalSection
	GlobalSection(SolutionProperties) = preSolution
		HideSolutionNode = FALSE
	EndGlobalSection
	GlobalSection(ExtensibilityGlobals) = postSolution
		SolutionGuid = {2E0BA4F8-8E98-44F8-8AAC-46A37E97B11B}
	EndGlobalSection
EndGlobal
